
Microsoft Visual Studio Solution File, Format Version 12.00
# Visual Studio Version 17
VisualStudioVersion = 17.1.32421.90
MinimumVisualStudioVersion = 10.0.40219.1
Project("{FAE04EC0-301F-11D3-BF4B-00C04F79EFBC}") = "ASPNETMVCCRUD", "ASPNETMVCCRUD\ASPNETMVCCRUD.csproj", "{06DAB9F3-2978-4775-9045-FC7D1C00C54E}"
EndProject
Global
	GlobalSection(SolutionConfigurationPlatforms) = preSolution
		Debug|Any CPU = Debug|Any CPU
		Release|Any CPU = Release|Any CPU
	EndGlobalSection
	GlobalSection(ProjectConfigurationPlatforms) = postSolution
		{06DAB9F3-2978-4775-9045-FC7D1C00C54E}.Debug|Any CPU.ActiveCfg = Debug|Any CPU
		{06DAB9F3-2978-4775-9045-FC7D1C00C54E}.Debug|Any CPU.Build.0 = Debug|Any CPU
		{06DAB9F3-2978-4775-9045-FC7D1C00C54E}.Release|Any CPU.ActiveCfg = Release|Any CPU
		{06DAB9F3-2978-4775-9045-FC7D1C00C54E}.Release|Any CPU.Build.0 = Release|Any CPU
	EndGlobalSection
	GlobalSection(SolutionProperties) = preSolution
		HideSolutionNode = FALSE
	EndGlobalSection
	GlobalSection(ExtensibilityGlobals) = postSolution
		SolutionGuid = {679F83A6-B0C5-45E4-AE27-63A5825860AC}
	EndGlobalSection
EndGlobal
